
Microsoft Visual Studio Solution File, Format Version 12.00
# Visual Studio Version 17
VisualStudioVersion = 17.14.36930.0 d17.14
MinimumVisualStudioVersion = 10.0.40219.1
Project("{8BC9CEB8-8B4A-11D0-8D11-00A0C91BC942}") = "OfflineWarningPlugin", "OfflineWarningPlugin\OfflineWarningPlugin.vcxproj", "{069D98D0-1716-4CC4-BC5A-04F7CBB9B193}"
EndProject
Global
	GlobalSection(SolutionConfigurationPlatforms) = preSolution
		Debug|x64 = Debug|x64
		Debug|x86 = Debug|x86
		Release|x64 = Release|x64
		Release|x86 = Release|x86
	EndGlobalSection
	GlobalSection(ProjectConfigurationPlatforms) = postSolution
		{069D98D0-1716-4CC4-BC5A-04F7CBB9B193}.Debug|x64.ActiveCfg = Debug|x64
		{069D98D0-1716-4CC4-BC5A-04F7CBB9B193}.Debug|x64.Build.0 = Debug|x64
		{069D98D0-1716-4CC4-BC5A-04F7CBB9B193}.Debug|x86.ActiveCfg = Debug|Win32
		{069D98D0-1716-4CC4-BC5A-04F7CBB9B193}.Debug|x86.Build.0 = Debug|Win32
		{069D98D0-1716-4CC4-BC5A-04F7CBB9B193}.Release|x64.ActiveCfg = Release|x64
		{069D98D0-1716-4CC4-BC5A-04F7CBB9B193}.Release|x64.Build.0 = Release|x64
		{069D98D0-1716-4CC4-BC5A-04F7CBB9B193}.Release|x86.ActiveCfg = Release|Win32
		{069D98D0-1716-4CC4-BC5A-04F7CBB9B193}.Release|x86.Build.0 = Release|Win32
	EndGlobalSection
	GlobalSection(SolutionProperties) = preSolution
		HideSolutionNode = FALSE
	EndGlobalSection
	GlobalSection(ExtensibilityGlobals) = postSolution
		SolutionGuid = {328E6CAE-8F68-4E23-A262-0268B47A5656}
	EndGlobalSection
EndGlobal
